
Microsoft Visual Studio Solution File, Format Version 12.00
# Visual Studio Version 17
VisualStudioVersion = 17.9.34622.214
MinimumVisualStudioVersion = 10.0.40219.1
Project("{FAE04EC0-301F-11D3-BF4B-00C04F79EFBC}") = "Capetropolis Tourism", "Capetropolis Tourism\Capetropolis Tourism.csproj", "{A586A3C4-17D8-471B-B0CA-5E4ADC58B037}"
EndProject
Global
	GlobalSection(SolutionConfigurationPlatforms) = preSolution
		Debug|Any CPU = Debug|Any CPU
		Release|Any CPU = Release|Any CPU
	EndGlobalSection
	GlobalSection(ProjectConfigurationPlatforms) = postSolution
		{A586A3C4-17D8-471B-B0CA-5E4ADC58B037}.Debug|Any CPU.ActiveCfg = Debug|Any CPU
		{A586A3C4-17D8-471B-B0CA-5E4ADC58B037}.Debug|Any CPU.Build.0 = Debug|Any CPU
		{A586A3C4-17D8-471B-B0CA-5E4ADC58B037}.Release|Any CPU.ActiveCfg = Release|Any CPU
		{A586A3C4-17D8-471B-B0CA-5E4ADC58B037}.Release|Any CPU.Build.0 = Release|Any CPU
	EndGlobalSection
	GlobalSection(SolutionProperties) = preSolution
		HideSolutionNode = FALSE
	EndGlobalSection
	GlobalSection(ExtensibilityGlobals) = postSolution
		SolutionGuid = {3AEF6E23-D434-4522-8DAE-F3FEBC98FF82}
	EndGlobalSection
EndGlobal
